
Microsoft Visual Studio Solution File, Format Version 12.00
# Visual Studio Version 17
VisualStudioVersion = 17.5.33414.496
MinimumVisualStudioVersion = 10.0.40219.1
Project("{FAE04EC0-301F-11D3-BF4B-00C04F79EFBC}") = "Rasterization", "Rasterization.csproj", "{131057DD-50DE-421E-BDA1-C893AD69DA2C}"
EndProject
Global
	GlobalSection(SolutionConfigurationPlatforms) = preSolution
		Debug|Any CPU = Debug|Any CPU
		Release|Any CPU = Release|Any CPU
	EndGlobalSection
	GlobalSection(ProjectConfigurationPlatforms) = postSolution
		{131057DD-50DE-421E-BDA1-C893AD69DA2C}.Debug|Any CPU.ActiveCfg = Debug|Any CPU
		{131057DD-50DE-421E-BDA1-C893AD69DA2C}.Debug|Any CPU.Build.0 = Debug|Any CPU
		{131057DD-50DE-421E-BDA1-C893AD69DA2C}.Release|Any CPU.ActiveCfg = Release|Any CPU
		{131057DD-50DE-421E-BDA1-C893AD69DA2C}.Release|Any CPU.Build.0 = Release|Any CPU
	EndGlobalSection
	GlobalSection(SolutionProperties) = preSolution
		HideSolutionNode = FALSE
	EndGlobalSection
	GlobalSection(ExtensibilityGlobals) = postSolution
		SolutionGuid = {91FD9D7A-4A43-442B-A015-407A11344EFF}
	EndGlobalSection
EndGlobal
